// !$*UTF8*$!
{
	archiveVersion = 1;
	classes = {
	};
	objectVersion = 46;
	objects = {

/* Begin PBXBuildFile section */
		37B891881E4EC0FC005320A9 /* AppDelegate.swift in Sources */ = {isa = PBXBuildFile; fileRef = 37B891871E4EC0FC005320A9 /* AppDelegate.swift */; };
		37B8918A1E4EC0FC005320A9 /* ViewController.swift in Sources */ = {isa = PBXBuildFile; fileRef = 37B891891E4EC0FC005320A9 /* ViewController.swift */; };
		37B8918D1E4EC0FC005320A9 /* Main.storyboard in Resources */ = {isa = PBXBuildFile; fileRef = 37B8918B1E4EC0FC005320A9 /* Main.storyboard */; };
		37B8918F1E4EC0FC005320A9 /* Assets.xcassets in Resources */ = {isa = PBXBuildFile; fileRef = 37B8918E1E4EC0FC005320A9 /* Assets.xcassets */; };
		37B891921E4EC0FC005320A9 /* LaunchScreen.storyboard in Resources */ = {isa = PBXBuildFile; fileRef = 37B891901E4EC0FC005320A9 /* LaunchScreen.storyboard */; };
		37B8919D1E4EC0FC005320A9 /* BlockShop2Tests.swift in Sources */ = {isa = PBXBuildFile; fileRef = 37B8919C1E4EC0FC005320A9 /* BlockShop2Tests.swift */; };
		37B891A81E4EC0FC005320A9 /* BlockShop2UITests.swift in Sources */ = {isa = PBXBuildFile; fileRef = 37B891A71E4EC0FC005320A9 /* BlockShop2UITests.swift */; };
/* End PBXBuildFile section */

/* Begin PBXContainerItemProxy section */
		37B891991E4EC0FC005320A9 /* PBXContainerItemProxy */ = {
			isa = PBXContainerItemProxy;
			containerPortal = 37B8917C1E4EC0FC005320A9 /* Project object */;
			proxyType = 1;
			remoteGlobalIDString = 37B891831E4EC0FC005320A9;
			remoteInfo = BlockShop2;
		};
		37B891A41E4EC0FC005320A9 /* PBXContainerItemProxy */ = {
			isa = PBXContainerItemProxy;
			containerPortal = 37B8917C1E4EC0FC005320A9 /* Project object */;
			proxyType = 1;
			remoteGlobalIDString = 37B891831E4EC0FC005320A9;
			remoteInfo = BlockShop2;
		};
/* End PBXContainerItemProxy section */

/* Begin PBXFileReference section */
		37B891841E4EC0FC005320A9 /* BlockShop2.app */ = {isa = PBXFileReference; explicitFileType = wrapper.application; includeInIndex = 0; path = BlockShop2.app; sourceTree = BUILT_PRODUCTS_DIR; };
		37B891871E4EC0FC005320A9 /* AppDelegate.swift */ = {isa = PBXFileReference; lastKnownFileType = sourcecode.swift; path = AppDelegate.swift; sourceTree = "<group>"; };
		37B891891E4EC0FC005320A9 /* ViewController.swift */ = {isa = PBXFileReference; lastKnownFileType = sourcecode.swift; path = ViewController.swift; sourceTree = "<group>"; };
		37B8918C1E4EC0FC005320A9 /* Base */ = {isa = PBXFileReference; lastKnownFileType = file.storyboard; name = Base; path = Base.lproj/Main.storyboard; sourceTree = "<group>"; };
		37B8918E1E4EC0FC005320A9 /* Assets.xcassets */ = {isa = PBXFileReference; lastKnownFileType = folder.assetcatalog; path = Assets.xcassets; sourceTree = "<group>"; };
		37B891911E4EC0FC005320A9 /* Base */ = {isa = PBXFileReference; lastKnownFileType = file.storyboard; name = Base; path = Base.lproj/LaunchScreen.storyboard; sourceTree = "<group>"; };
		37B891931E4EC0FC005320A9 /* Info.plist */ = {isa = PBXFileReference; lastKnownFileType = text.plist.xml; path = Info.plist; sourceTree = "<group>"; };
		37B891981E4EC0FC005320A9 /* BlockShop2Tests.xctest */ = {isa = PBXFileReference; explicitFileType = wrapper.cfbundle; includeInIndex = 0; path = BlockShop2Tests.xctest; sourceTree = BUILT_PRODUCTS_DIR; };
		37B8919C1E4EC0FC005320A9 /* BlockShop2Tests.swift */ = {isa = PBXFileReference; lastKnownFileType = sourcecode.swift; path = BlockShop2Tests.swift; sourceTree = "<group>"; };
		37B8919E1E4EC0FC005320A9 /* Info.plist */ = {isa = PBXFileReference; lastKnownFileType = text.plist.xml; path = Info.plist; sourceTree = "<group>"; };
		37B891A31E4EC0FC005320A9 /* BlockShop2UITests.xctest */ = {isa = PBXFileReference; explicitFileType = wrapper.cfbundle; includeInIndex = 0; path = BlockShop2UITests.xctest; sourceTree = BUILT_PRODUCTS_DIR; };
		37B891A71E4EC0FC005320A9 /* BlockShop2UITests.swift */ = {isa = PBXFileReference; lastKnownFileType = sourcecode.swift; path = BlockShop2UITests.swift; sourceTree = "<group>"; };
		37B891A91E4EC0FC005320A9 /* Info.plist */ = {isa = PBXFileReference; lastKnownFileType = text.plist.xml; path = Info.plist; sourceTree = "<group>"; };
/* End PBXFileReference section */

/* Begin PBXFrameworksBuildPhase section */
		37B891811E4EC0FC005320A9 /* Frameworks */ = {
			isa = PBXFrameworksBuildPhase;
			buildActionMask = 2147483647;
			files = (
			);
			runOnlyForDeploymentPostprocessing = 0;
		};
		37B891951E4EC0FC005320A9 /* Frameworks */ = {
			isa = PBXFrameworksBuildPhase;
			buildActionMask = 2147483647;
			files = (
			);
			runOnlyForDeploymentPostprocessing = 0;
		};
		37B891A01E4EC0FC005320A9 /* Frameworks */ = {
			isa = PBXFrameworksBuildPhase;
			buildActionMask = 2147483647;
			files = (
			);
			runOnlyForDeploymentPostprocessing = 0;
		};
/* End PBXFrameworksBuildPhase section */

/* Begin PBXGroup section */
		37B8917B1E4EC0FC005320A9 = {
			isa = PBXGroup;
			children = (
				37B891861E4EC0FC005320A9 /* BlockShop2 */,
				37B8919B1E4EC0FC005320A9 /* BlockShop2Tests */,
				37B891A61E4EC0FC005320A9 /* BlockShop2UITests */,
				37B891851E4EC0FC005320A9 /* Products */,
			);
			sourceTree = "<group>";
		};
		37B891851E4EC0FC005320A9 /* Products */ = {
			isa = PBXGroup;
			children = (
				37B891841E4EC0FC005320A9 /* BlockShop2.app */,
				37B891981E4EC0FC005320A9 /* BlockShop2Tests.xctest */,
				37B891A31E4EC0FC005320A9 /* BlockShop2UITests.xctest */,
			);
			name = Products;
			sourceTree = "<group>";
		};
		37B891861E4EC0FC005320A9 /* BlockShop2 */ = {
			isa = PBXGroup;
			children = (
				37B891871E4EC0FC005320A9 /* AppDelegate.swift */,
				37B891891E4EC0FC005320A9 /* ViewController.swift */,
				37B8918B1E4EC0FC005320A9 /* Main.storyboard */,
				37B8918E1E4EC0FC005320A9 /* Assets.xcassets */,
				37B891901E4EC0FC005320A9 /* LaunchScreen.storyboard */,
				37B891931E4EC0FC005320A9 /* Info.plist */,
			);
			path = BlockShop2;
			sourceTree = "<group>";
		};
		37B8919B1E4EC0FC005320A9 /* BlockShop2Tests */ = {
			isa = PBXGroup;
			children = (
				37B8919C1E4EC0FC005320A9 /* BlockShop2Tests.swift */,
				37B8919E1E4EC0FC005320A9 /* Info.plist */,
			);
			path = BlockShop2Tests;
			sourceTree = "<group>";
		};
		37B891A61E4EC0FC005320A9 /* BlockShop2UITests */ = {
			isa = PBXGroup;
			children = (
				37B891A71E4EC0FC005320A9 /* BlockShop2UITests.swift */,
				37B891A91E4EC0FC005320A9 /* Info.plist */,
			);
			path = BlockShop2UITests;
			sourceTree = "<group>";
		};
/* End PBXGroup section */

/* Begin PBXNativeTarget section */
		37B891831E4EC0FC005320A9 /* BlockShop2 */ = {
			isa = PBXNativeTarget;
			buildConfigurationList = 37B891AC1E4EC0FC005320A9 /* Build configuration list for PBXNativeTarget "BlockShop2" */;
			buildPhases = (
				37B891801E4EC0FC005320A9 /* Sources */,
				37B891811E4EC0FC005320A9 /* Frameworks */,
				37B891821E4EC0FC005320A9 /* Resources */,
			);
			buildRules = (
			);
			dependencies = (
			);
			name = BlockShop2;
			productName = BlockShop2;
			productReference = 37B891841E4EC0FC005320A9 /* BlockShop2.app */;
			productType = "com.apple.product-type.application";
		};
		37B891971E4EC0FC005320A9 /* BlockShop2Tests */ = {
			isa = PBXNativeTarget;
			buildConfigurationList = 37B891AF1E4EC0FC005320A9 /* Build configuration list for PBXNativeTarget "BlockShop2Tests" */;
			buildPhases = (
				37B891941E4EC0FC005320A9 /* Sources */,
				37B891951E4EC0FC005320A9 /* Frameworks */,
				37B891961E4EC0FC005320A9 /* Resources */,
			);
			buildRules = (
			);
			dependencies = (
				37B8919A1E4EC0FC005320A9 /* PBXTargetDependency */,
			);
			name = BlockShop2Tests;
			productName = BlockShop2Tests;
			productReference = 37B891981E4EC0FC005320A9 /* BlockShop2Tests.xctest */;
			productType = "com.apple.product-type.bundle.unit-test";
		};
		37B891A21E4EC0FC005320A9 /* BlockShop2UITests */ = {
			isa = PBXNativeTarget;
			buildConfigurationList = 37B891B21E4EC0FC005320A9 /* Build configuration list for PBXNativeTarget "BlockShop2UITests" */;
			buildPhases = (
				37B8919F1E4EC0FC005320A9 /* Sources */,
				37B891A01E4EC0FC005320A9 /* Frameworks */,
				37B891A11E4EC0FC005320A9 /* Resources */,
			);
			buildRules = (
			);
			dependencies = (
				37B891A51E4EC0FC005320A9 /* PBXTargetDependency */,
			);
			name = BlockShop2UITests;
			productName = BlockShop2UITests;
			productReference = 37B891A31E4EC0FC005320A9 /* BlockShop2UITests.xctest */;
			productType = "com.apple.product-type.bundle.ui-testing";
		};
/* End PBXNativeTarget section */

/* Begin PBXProject section */
		37B8917C1E4EC0FC005320A9 /* Project object */ = {
			isa = PBXProject;
			attributes = {
				LastSwiftUpdateCheck = 0820;
				LastUpgradeCheck = 0820;
				ORGANIZATIONNAME = "Prachi Bodas";
				TargetAttributes = {
					37B891831E4EC0FC005320A9 = {
						CreatedOnToolsVersion = 8.2.1;
						ProvisioningStyle = Automatic;
					};
					37B891971E4EC0FC005320A9 = {
						CreatedOnToolsVersion = 8.2.1;
						ProvisioningStyle = Automatic;
						TestTargetID = 37B891831E4EC0FC005320A9;
					};
					37B891A21E4EC0FC005320A9 = {
						CreatedOnToolsVersion = 8.2.1;
						ProvisioningStyle = Automatic;
						TestTargetID = 37B891831E4EC0FC005320A9;
					};
				};
			};
			buildConfigurationList = 37B8917F1E4EC0FC005320A9 /* Build configuration list for PBXProject "BlockShop2" */;
			compatibilityVersion = "Xcode 3.2";
			developmentRegion = English;
			hasScannedForEncodings = 0;
			knownRegions = (
				en,
				Base,
			);
			mainGroup = 37B8917B1E4EC0FC005320A9;
			productRefGroup = 37B891851E4EC0FC005320A9 /* Products */;
			projectDirPath = "";
			projectRoot = "";
			targets = (
				37B891831E4EC0FC005320A9 /* BlockShop2 */,
				37B891971E4EC0FC005320A9 /* BlockShop2Tests */,
				37B891A21E4EC0FC005320A9 /* BlockShop2UITests */,
			);
		};
/* End PBXProject section */

/* Begin PBXResourcesBuildPhase section */
		37B891821E4EC0FC005320A9 /* Resources */ = {
			isa = PBXResourcesBuildPhase;
			buildActionMask = 2147483647;
			files = (
				37B891921E4EC0FC005320A9 /* LaunchScreen.storyboard in Resources */,
				37B8918F1E4EC0FC005320A9 /* Assets.xcassets in Resources */,
				37B8918D1E4EC0FC005320A9 /* Main.storyboard in Resources */,
			);
			runOnlyForDeploymentPostprocessing = 0;
		};
		37B891961E4EC0FC005320A9 /* Resources */ = {
			isa = PBXResourcesBuildPhase;
			buildActionMask = 2147483647;
			files = (
			);
			runOnlyForDeploymentPostprocessing = 0;
		};
		37B891A11E4EC0FC005320A9 /* Resources */ = {
			isa = PBXResourcesBuildPhase;
			buildActionMask = 2147483647;
			files = (
			);
			runOnlyForDeploymentPostprocessing = 0;
		};
/* End PBXResourcesBuildPhase section */

/* Begin PBXSourcesBuildPhase section */
		37B891801E4EC0FC005320A9 /* Sources */ = {
			isa = PBXSourcesBuildPhase;
			buildActionMask = 2147483647;
			files = (
				37B8918A1E4EC0FC005320A9 /* ViewController.swift in Sources */,
				37B891881E4EC0FC005320A9 /* AppDelegate.swift in Sources */,
			);
			runOnlyForDeploymentPostprocessing = 0;
		};
		37B891941E4EC0FC005320A9 /* Sources */ = {
			isa = PBXSourcesBuildPhase;
			buildActionMask = 2147483647;
			files = (
				37B8919D1E4EC0FC005320A9 /* BlockShop2Tests.swift in Sources */,
			);
			runOnlyForDeploymentPostprocessing = 0;
		};
		37B8919F1E4EC0FC005320A9 /* Sources */ = {
			isa = PBXSourcesBuildPhase;
			buildActionMask = 2147483647;
			files = (
				37B891A81E4EC0FC005320A9 /* BlockShop2UITests.swift in Sources */,
			);
			runOnlyForDeploymentPostprocessing = 0;
		};
/* End PBXSourcesBuildPhase section */

/* Begin PBXTargetDependency section */
		37B8919A1E4EC0FC005320A9 /* PBXTargetDependency */ = {
			isa = PBXTargetDependency;
			target = 37B891831E4EC0FC005320A9 /* BlockShop2 */;
			targetProxy = 37B891991E4EC0FC005320A9 /* PBXContainerItemProxy */;
		};
		37B891A51E4EC0FC005320A9 /* PBXTargetDependency */ = {
			isa = PBXTargetDependency;
			target = 37B891831E4EC0FC005320A9 /* BlockShop2 */;
			targetProxy = 37B891A41E4EC0FC005320A9 /* PBXContainerItemProxy */;
		};
/* End PBXTargetDependency section */

/* Begin PBXVariantGroup section */
		37B8918B1E4EC0FC005320A9 /* Main.storyboard */ = {
			isa = PBXVariantGroup;
			children = (
				37B8918C1E4EC0FC005320A9 /* Base */,
			);
			name = Main.storyboard;
			sourceTree = "<group>";
		};
		37B891901E4EC0FC005320A9 /* LaunchScreen.storyboard */ = {
			isa = PBXVariantGroup;
			children = (
				37B891911E4EC0FC005320A9 /* Base */,
			);
			name = LaunchScreen.storyboard;
			sourceTree = "<group>";
		};
/* End PBXVariantGroup section */

/* Begin XCBuildConfiguration section */
		37B891AA1E4EC0FC005320A9 /* Debug */ = {
			isa = XCBuildConfiguration;
			buildSettings = {
				ALWAYS_SEARCH_USER_PATHS = NO;
				CLANG_ANALYZER_NONNULL = YES;
				CLANG_CXX_LANGUAGE_STANDARD = "gnu++0x";
				CLANG_CXX_LIBRARY = "libc++";
				CLANG_ENABLE_MODULES = YES;
				CLANG_ENABLE_OBJC_ARC = YES;
				CLANG_WARN_BOOL_CONVERSION = YES;
				CLANG_WARN_CONSTANT_CONVERSION = YES;
				CLANG_WARN_DIRECT_OBJC_ISA_USAGE = YES_ERROR;
				CLANG_WARN_DOCUMENTATION_COMMENTS = YES;
				CLANG_WARN_EMPTY_BODY = YES;
				CLANG_WARN_ENUM_CONVERSION = YES;
				CLANG_WARN_INFINITE_RECURSION = YES;
				CLANG_WARN_INT_CONVERSION = YES;
				CLANG_WARN_OBJC_ROOT_CLASS = YES_ERROR;
				CLANG_WARN_SUSPICIOUS_MOVE = YES;
				CLANG_WARN_UNREACHABLE_CODE = YES;
				CLANG_WARN__DUPLICATE_METHOD_MATCH = YES;
				"CODE_SIGN_IDENTITY[sdk=iphoneos*]" = "iPhone Developer";
				COPY_PHASE_STRIP = NO;
				DEBUG_INFORMATION_FORMAT = dwarf;
				ENABLE_STRICT_OBJC_MSGSEND = YES;
				ENABLE_TESTABILITY = YES;
				GCC_C_LANGUAGE_STANDARD = gnu99;
				GCC_DYNAMIC_NO_PIC = NO;
				GCC_NO_COMMON_BLOCKS = YES;
				GCC_OPTIMIZATION_LEVEL = 0;
				GCC_PREPROCESSOR_DEFINITIONS = (
					"DEBUG=1",
					"$(inherited)",
				);
				GCC_WARN_64_TO_32_BIT_CONVERSION = YES;
				GCC_WARN_ABOUT_RETURN_TYPE = YES_ERROR;
				GCC_WARN_UNDECLARED_SELECTOR = YES;
				GCC_WARN_UNINITIALIZED_AUTOS = YES_AGGRESSIVE;
				GCC_WARN_UNUSED_FUNCTION = YES;
				GCC_WARN_UNUSED_VARIABLE = YES;
				IPHONEOS_DEPLOYMENT_TARGET = 10.2;
				MTL_ENABLE_DEBUG_INFO = YES;
				ONLY_ACTIVE_ARCH = YES;
				SDKROOT = iphoneos;
				SWIFT_ACTIVE_COMPILATION_CONDITIONS = DEBUG;
				SWIFT_OPTIMIZATION_LEVEL = "-Onone";
				TARGETED_DEVICE_FAMILY = "1,2";
			};
			name = Debug;
		};
		37B891AB1E4EC0FC005320A9 /* Release */ = {
			isa = XCBuildConfiguration;
			buildSettings = {
				ALWAYS_SEARCH_USER_PATHS = NO;
				CLANG_ANALYZER_NONNULL = YES;
				CLANG_CXX_LANGUAGE_STANDARD = "gnu++0x";
				CLANG_CXX_LIBRARY = "libc++";
				CLANG_ENABLE_MODULES = YES;
				CLANG_ENABLE_OBJC_ARC = YES;
				CLANG_WARN_BOOL_CONVERSION = YES;
				CLANG_WARN_CONSTANT_CONVERSION = YES;
				CLANG_WARN_DIRECT_OBJC_ISA_USAGE = YES_ERROR;
				CLANG_WARN_DOCUMENTATION_COMMENTS = YES;
				CLANG_WARN_EMPTY_BODY = YES;
				CLANG_WARN_ENUM_CONVERSION = YES;
				CLANG_WARN_INFINITE_RECURSION = YES;
				CLANG_WARN_INT_CONVERSION = YES;
				CLANG_WARN_OBJC_ROOT_CLASS = YES_ERROR;
				CLANG_WARN_SUSPICIOUS_MOVE = YES;
				CLANG_WARN_UNREACHABLE_CODE = YES;
				CLANG_WARN__DUPLICATE_METHOD_MATCH = YES;
				"CODE_SIGN_IDENTITY[sdk=iphoneos*]" = "iPhone Developer";
				COPY_PHASE_STRIP = NO;
				DEBUG_INFORMATION_FORMAT = "dwarf-with-dsym";
				ENABLE_NS_ASSERTIONS = NO;
				ENABLE_STRICT_OBJC_MSGSEND = YES;
				GCC_C_LANGUAGE_STANDARD = gnu99;
				GCC_NO_COMMON_BLOCKS = YES;
				GCC_WARN_64_TO_32_BIT_CONVERSION = YES;
				GCC_WARN_ABOUT_RETURN_TYPE = YES_ERROR;
				GCC_WARN_UNDECLARED_SELECTOR = YES;
				GCC_WARN_UNINITIALIZED_AUTOS = YES_AGGRESSIVE;
				GCC_WARN_UNUSED_FUNCTION = YES;
				GCC_WARN_UNUSED_VARIABLE = YES;
				IPHONEOS_DEPLOYMENT_TARGET = 10.2;
				MTL_ENABLE_DEBUG_INFO = NO;
				SDKROOT = iphoneos;
				SWIFT_OPTIMIZATION_LEVEL = "-Owholemodule";
				TARGETED_DEVICE_FAMILY = "1,2";
				VALIDATE_PRODUCT = YES;
			};
			name = Release;
		};
		37B891AD1E4EC0FC005320A9 /* Debug */ = {
			isa = XCBuildConfiguration;
			buildSettings = {
				ASSETCATALOG_COMPILER_APPICON_NAME = AppIcon;
				INFOPLIST_FILE = BlockShop2/Info.plist;
				LD_RUNPATH_SEARCH_PATHS = "$(inherited) @executable_path/Frameworks";
				PRODUCT_BUNDLE_IDENTIFIER = noodleheads.BlockShop2;
				PRODUCT_NAME = "$(TARGET_NAME)";
				SWIFT_VERSION = 3.0;
			};
			name = Debug;
		};
		37B891AE1E4EC0FC005320A9 /* Release */ = {
			isa = XCBuildConfiguration;
			buildSettings = {
				ASSETCATALOG_COMPILER_APPICON_NAME = AppIcon;
				INFOPLIST_FILE = BlockShop2/Info.plist;
				LD_RUNPATH_SEARCH_PATHS = "$(inherited) @executable_path/Frameworks";
				PRODUCT_BUNDLE_IDENTIFIER = noodleheads.BlockShop2;
				PRODUCT_NAME = "$(TARGET_NAME)";
				SWIFT_VERSION = 3.0;
			};
			name = Release;
		};
		37B891B01E4EC0FC005320A9 /* Debug */ = {
			isa = XCBuildConfiguration;
			buildSettings = {
				ALWAYS_EMBED_SWIFT_STANDARD_LIBRARIES = YES;
				BUNDLE_LOADER = "$(TEST_HOST)";
				INFOPLIST_FILE = BlockShop2Tests/Info.plist;
				LD_RUNPATH_SEARCH_PATHS = "$(inherited) @executable_path/Frameworks @loader_path/Frameworks";
				PRODUCT_BUNDLE_IDENTIFIER = noodleheads.BlockShop2Tests;
				PRODUCT_NAME = "$(TARGET_NAME)";
				SWIFT_VERSION = 3.0;
				TEST_HOST = "$(BUILT_PRODUCTS_DIR)/BlockShop2.app/BlockShop2";
			};
			name = Debug;
		};
		37B891B11E4EC0FC005320A9 /* Release */ = {
			isa = XCBuildConfiguration;
			buildSettings = {
				ALWAYS_EMBED_SWIFT_STANDARD_LIBRARIES = YES;
				BUNDLE_LOADER = "$(TEST_HOST)";
				INFOPLIST_FILE = BlockShop2Tests/Info.plist;
				LD_RUNPATH_SEARCH_PATHS = "$(inherited) @executable_path/Frameworks @loader_path/Frameworks";
				PRODUCT_BUNDLE_IDENTIFIER = noodleheads.BlockShop2Tests;
				PRODUCT_NAME = "$(TARGET_NAME)";
				SWIFT_VERSION = 3.0;
				TEST_HOST = "$(BUILT_PRODUCTS_DIR)/BlockShop2.app/BlockShop2";
			};
			name = Release;
		};
		37B891B31E4EC0FC005320A9 /* Debug */ = {
			isa = XCBuildConfiguration;
			buildSettings = {
				ALWAYS_EMBED_SWIFT_STANDARD_LIBRARIES = YES;
				INFOPLIST_FILE = BlockShop2UITests/Info.plist;
				LD_RUNPATH_SEARCH_PATHS = "$(inherited) @executable_path/Frameworks @loader_path/Frameworks";
				PRODUCT_BUNDLE_IDENTIFIER = noodleheads.BlockShop2UITests;
				PRODUCT_NAME = "$(TARGET_NAME)";
				SWIFT_VERSION = 3.0;
				TEST_TARGET_NAME = BlockShop2;
			};
			name = Debug;
		};
		37B891B41E4EC0FC005320A9 /* Release */ = {
			isa = XCBuildConfiguration;
			buildSettings = {
				ALWAYS_EMBED_SWIFT_STANDARD_LIBRARIES = YES;
				INFOPLIST_FILE = BlockShop2UITests/Info.plist;
				LD_RUNPATH_SEARCH_PATHS = "$(inherited) @executable_path/Frameworks @loader_path/Frameworks";
				PRODUCT_BUNDLE_IDENTIFIER = noodleheads.BlockShop2UITests;
				PRODUCT_NAME = "$(TARGET_NAME)";
				SWIFT_VERSION = 3.0;
				TEST_TARGET_NAME = BlockShop2;
			};
			name = Release;
		};
/* End XCBuildConfiguration section */

/* Begin XCConfigurationList section */
		37B8917F1E4EC0FC005320A9 /* Build configuration list for PBXProject "BlockShop2" */ = {
			isa = XCConfigurationList;
			buildConfigurations = (
				37B891AA1E4EC0FC005320A9 /* Debug */,
				37B891AB1E4EC0FC005320A9 /* Release */,
			);
			defaultConfigurationIsVisible = 0;
			defaultConfigurationName = Release;
		};
		37B891AC1E4EC0FC005320A9 /* Build configuration list for PBXNativeTarget "BlockShop2" */ = {
			isa = XCConfigurationList;
			buildConfigurations = (
				37B891AD1E4EC0FC005320A9 /* Debug */,
				37B891AE1E4EC0FC005320A9 /* Release */,
			);
			defaultConfigurationIsVisible = 0;
		};
		37B891AF1E4EC0FC005320A9 /* Build configuration list for PBXNativeTarget "BlockShop2Tests" */ = {
			isa = XCConfigurationList;
			buildConfigurations = (
				37B891B01E4EC0FC005320A9 /* Debug */,
				37B891B11E4EC0FC005320A9 /* Release */,
			);
			defaultConfigurationIsVisible = 0;
		};
		37B891B21E4EC0FC005320A9 /* Build configuration list for PBXNativeTarget "BlockShop2UITests" */ = {
			isa = XCConfigurationList;
			buildConfigurations = (
				37B891B31E4EC0FC005320A9 /* Debug */,
				37B891B41E4EC0FC005320A9 /* Release */,
			);
			defaultConfigurationIsVisible = 0;
		};
/* End XCConfigurationList section */
	};
	rootObject = 37B8917C1E4EC0FC005320A9 /* Project object */;
}
